
Microsoft Visual Studio Solution File, Format Version 12.00
# Visual Studio Version 17
VisualStudioVersion = 17.0.31612.314
MinimumVisualStudioVersion = 10.0.40219.1
Project("{9A19103F-16F7-4668-BE54-9A1E7A4F7556}") = "Cassiopeia", "Cassiopeia.csproj", "{AE1A8EF6-780D-44A4-9831-94222D3C5324}"
EndProject
Global
	GlobalSection(SolutionConfigurationPlatforms) = preSolution
		Debug|Any CPU = Debug|Any CPU
		Debug|x64 = Debug|x64
		Release|Any CPU = Release|Any CPU
		Release|x64 = Release|x64
	EndGlobalSection
	GlobalSection(ProjectConfigurationPlatforms) = postSolution
		{AE1A8EF6-780D-44A4-9831-94222D3C5324}.Debug|Any CPU.ActiveCfg = Debug|Any CPU
		{AE1A8EF6-780D-44A4-9831-94222D3C5324}.Debug|Any CPU.Build.0 = Debug|Any CPU
		{AE1A8EF6-780D-44A4-9831-94222D3C5324}.Debug|x64.ActiveCfg = Release|x64
		{AE1A8EF6-780D-44A4-9831-94222D3C5324}.Debug|x64.Build.0 = Release|x64
		{AE1A8EF6-780D-44A4-9831-94222D3C5324}.Release|Any CPU.ActiveCfg = Release|Any CPU
		{AE1A8EF6-780D-44A4-9831-94222D3C5324}.Release|Any CPU.Build.0 = Release|Any CPU
		{AE1A8EF6-780D-44A4-9831-94222D3C5324}.Release|x64.ActiveCfg = Release|x64
		{AE1A8EF6-780D-44A4-9831-94222D3C5324}.Release|x64.Build.0 = Release|x64
	EndGlobalSection
	GlobalSection(SolutionProperties) = preSolution
		HideSolutionNode = FALSE
	EndGlobalSection
	GlobalSection(ExtensibilityGlobals) = postSolution
		SolutionGuid = {CF28BB5B-CB95-4BE3-BBEC-77F4656BF61D}
		RESX_PrefixTranslations = False
	EndGlobalSection
EndGlobal
